
Microsoft Visual Studio Solution File, Format Version 11.00
# Visual Studio 2010
Project("{FAE04EC0-301F-11D3-BF4B-00C04F79EFBC}") = "Assembly-CSharp", "Assembly-CSharp.csproj", "{7336dd78-4558-d0da-1bb3-39f54d47f33f}"
EndProject
Project("{FAE04EC0-301F-11D3-BF4B-00C04F79EFBC}") = "Assembly-CSharp-Editor", "Assembly-CSharp-Editor.csproj", "{252d24f5-6cb3-ee3d-f572-52bb9f3a8f00}"
EndProject
Global
	GlobalSection(SolutionConfigurationPlatforms) = preSolution
		Debug|Any CPU = Debug|Any CPU
	EndGlobalSection
	GlobalSection(ProjectConfigurationPlatforms) = postSolution
		{7336dd78-4558-d0da-1bb3-39f54d47f33f}.Debug|Any CPU.ActiveCfg = Debug|Any CPU
		{7336dd78-4558-d0da-1bb3-39f54d47f33f}.Debug|Any CPU.Build.0 = Debug|Any CPU
		{252d24f5-6cb3-ee3d-f572-52bb9f3a8f00}.Debug|Any CPU.ActiveCfg = Debug|Any CPU
		{252d24f5-6cb3-ee3d-f572-52bb9f3a8f00}.Debug|Any CPU.Build.0 = Debug|Any CPU
	EndGlobalSection
	GlobalSection(SolutionProperties) = preSolution
		HideSolutionNode = FALSE
	EndGlobalSection
EndGlobal
